
Microsoft Visual Studio Solution File, Format Version 12.00
# Visual Studio Version 16
VisualStudioVersion = 16.0.32228.343
MinimumVisualStudioVersion = 10.0.40219.1
Project("{FAE04EC0-301F-11D3-BF4B-00C04F79EFBC}") = "it_aud6_mvc", "it_aud6_mvc\it_aud6_mvc.csproj", "{97737A04-FF45-4DF5-946C-DB2B6CEC4F0A}"
EndProject
Global
	GlobalSection(SolutionConfigurationPlatforms) = preSolution
		Debug|Any CPU = Debug|Any CPU
		Release|Any CPU = Release|Any CPU
	EndGlobalSection
	GlobalSection(ProjectConfigurationPlatforms) = postSolution
		{97737A04-FF45-4DF5-946C-DB2B6CEC4F0A}.Debug|Any CPU.ActiveCfg = Debug|Any CPU
		{97737A04-FF45-4DF5-946C-DB2B6CEC4F0A}.Debug|Any CPU.Build.0 = Debug|Any CPU
		{97737A04-FF45-4DF5-946C-DB2B6CEC4F0A}.Release|Any CPU.ActiveCfg = Release|Any CPU
		{97737A04-FF45-4DF5-946C-DB2B6CEC4F0A}.Release|Any CPU.Build.0 = Release|Any CPU
	EndGlobalSection
	GlobalSection(SolutionProperties) = preSolution
		HideSolutionNode = FALSE
	EndGlobalSection
	GlobalSection(ExtensibilityGlobals) = postSolution
		SolutionGuid = {59A69EBB-48E2-4765-A721-22CAD3474A5C}
	EndGlobalSection
EndGlobal
