
Microsoft Visual Studio Solution File, Format Version 12.00
# Visual Studio Version 16
VisualStudioVersion = 16.0.32228.343
MinimumVisualStudioVersion = 10.0.40219.1
Project("{FAE04EC0-301F-11D3-BF4B-00C04F79EFBC}") = "it_aud9_mvc", "it_aud9_mvc\it_aud9_mvc.csproj", "{BECA1A5A-940F-45D6-9A08-A32F21F7C065}"
EndProject
Global
	GlobalSection(SolutionConfigurationPlatforms) = preSolution
		Debug|Any CPU = Debug|Any CPU
		Release|Any CPU = Release|Any CPU
	EndGlobalSection
	GlobalSection(ProjectConfigurationPlatforms) = postSolution
		{BECA1A5A-940F-45D6-9A08-A32F21F7C065}.Debug|Any CPU.ActiveCfg = Debug|Any CPU
		{BECA1A5A-940F-45D6-9A08-A32F21F7C065}.Debug|Any CPU.Build.0 = Debug|Any CPU
		{BECA1A5A-940F-45D6-9A08-A32F21F7C065}.Release|Any CPU.ActiveCfg = Release|Any CPU
		{BECA1A5A-940F-45D6-9A08-A32F21F7C065}.Release|Any CPU.Build.0 = Release|Any CPU
	EndGlobalSection
	GlobalSection(SolutionProperties) = preSolution
		HideSolutionNode = FALSE
	EndGlobalSection
	GlobalSection(ExtensibilityGlobals) = postSolution
		SolutionGuid = {D6871CAB-117C-4001-8025-DED1C2F8E5CF}
	EndGlobalSection
EndGlobal
