
Microsoft Visual Studio Solution File, Format Version 12.00
# Visual Studio Version 16
VisualStudioVersion = 16.0.32228.343
MinimumVisualStudioVersion = 10.0.40219.1
Project("{FAE04EC0-301F-11D3-BF4B-00C04F79EFBC}") = "it_aud5", "it_aud5\it_aud5.csproj", "{AC9EB460-21D5-4821-A0B4-32494D8AD38F}"
EndProject
Global
	GlobalSection(SolutionConfigurationPlatforms) = preSolution
		Debug|Any CPU = Debug|Any CPU
		Release|Any CPU = Release|Any CPU
	EndGlobalSection
	GlobalSection(ProjectConfigurationPlatforms) = postSolution
		{AC9EB460-21D5-4821-A0B4-32494D8AD38F}.Debug|Any CPU.ActiveCfg = Debug|Any CPU
		{AC9EB460-21D5-4821-A0B4-32494D8AD38F}.Debug|Any CPU.Build.0 = Debug|Any CPU
		{AC9EB460-21D5-4821-A0B4-32494D8AD38F}.Release|Any CPU.ActiveCfg = Release|Any CPU
		{AC9EB460-21D5-4821-A0B4-32494D8AD38F}.Release|Any CPU.Build.0 = Release|Any CPU
	EndGlobalSection
	GlobalSection(SolutionProperties) = preSolution
		HideSolutionNode = FALSE
	EndGlobalSection
	GlobalSection(ExtensibilityGlobals) = postSolution
		SolutionGuid = {D2D644F1-50BF-4C88-9040-698408EA3D2D}
	EndGlobalSection
EndGlobal
