
Microsoft Visual Studio Solution File, Format Version 12.00
# Visual Studio Version 16
VisualStudioVersion = 16.0.32228.343
MinimumVisualStudioVersion = 10.0.40219.1
Project("{FAE04EC0-301F-11D3-BF4B-00C04F79EFBC}") = "it_lab4_mvc", "it_lab4_mvc\it_lab4_mvc.csproj", "{70B9593D-6D55-44BB-9384-7A8D6B62A340}"
EndProject
Global
	GlobalSection(SolutionConfigurationPlatforms) = preSolution
		Debug|Any CPU = Debug|Any CPU
		Release|Any CPU = Release|Any CPU
	EndGlobalSection
	GlobalSection(ProjectConfigurationPlatforms) = postSolution
		{70B9593D-6D55-44BB-9384-7A8D6B62A340}.Debug|Any CPU.ActiveCfg = Debug|Any CPU
		{70B9593D-6D55-44BB-9384-7A8D6B62A340}.Debug|Any CPU.Build.0 = Debug|Any CPU
		{70B9593D-6D55-44BB-9384-7A8D6B62A340}.Release|Any CPU.ActiveCfg = Release|Any CPU
		{70B9593D-6D55-44BB-9384-7A8D6B62A340}.Release|Any CPU.Build.0 = Release|Any CPU
	EndGlobalSection
	GlobalSection(SolutionProperties) = preSolution
		HideSolutionNode = FALSE
	EndGlobalSection
	GlobalSection(ExtensibilityGlobals) = postSolution
		SolutionGuid = {910937C0-223D-4461-B88E-C8B11C90C399}
	EndGlobalSection
EndGlobal
